
Microsoft Visual Studio Solution File, Format Version 12.00
# Visual Studio Version 17
VisualStudioVersion = 17.4.33213.308
MinimumVisualStudioVersion = 10.0.40219.1
Project("{FAE04EC0-301F-11D3-BF4B-00C04F79EFBC}") = "Task1 Generation", "Task1\Task1 Generation.csproj", "{73ECE8E1-EED7-4C10-97FF-95A3D5BA8D41}"
EndProject
Project("{FAE04EC0-301F-11D3-BF4B-00C04F79EFBC}") = "Task 1 Sort", "Task 1 Sort\Task 1 Sort.csproj", "{436CB3F8-1FE7-4585-822E-AF1AA5348145}"
EndProject
Project("{FAE04EC0-301F-11D3-BF4B-00C04F79EFBC}") = "Task1 WinApp", "Task1 WinApp\Task1 WinApp.csproj", "{C9BA9898-18A5-4C47-8932-0403DD31F5DC}"
EndProject
Global
	GlobalSection(SolutionConfigurationPlatforms) = preSolution
		Debug|Any CPU = Debug|Any CPU
		Release|Any CPU = Release|Any CPU
	EndGlobalSection
	GlobalSection(ProjectConfigurationPlatforms) = postSolution
		{73ECE8E1-EED7-4C10-97FF-95A3D5BA8D41}.Debug|Any CPU.ActiveCfg = Debug|Any CPU
		{73ECE8E1-EED7-4C10-97FF-95A3D5BA8D41}.Debug|Any CPU.Build.0 = Debug|Any CPU
		{73ECE8E1-EED7-4C10-97FF-95A3D5BA8D41}.Release|Any CPU.ActiveCfg = Release|Any CPU
		{73ECE8E1-EED7-4C10-97FF-95A3D5BA8D41}.Release|Any CPU.Build.0 = Release|Any CPU
		{436CB3F8-1FE7-4585-822E-AF1AA5348145}.Debug|Any CPU.ActiveCfg = Debug|Any CPU
		{436CB3F8-1FE7-4585-822E-AF1AA5348145}.Debug|Any CPU.Build.0 = Debug|Any CPU
		{436CB3F8-1FE7-4585-822E-AF1AA5348145}.Release|Any CPU.ActiveCfg = Release|Any CPU
		{436CB3F8-1FE7-4585-822E-AF1AA5348145}.Release|Any CPU.Build.0 = Release|Any CPU
		{C9BA9898-18A5-4C47-8932-0403DD31F5DC}.Debug|Any CPU.ActiveCfg = Debug|Any CPU
		{C9BA9898-18A5-4C47-8932-0403DD31F5DC}.Debug|Any CPU.Build.0 = Debug|Any CPU
		{C9BA9898-18A5-4C47-8932-0403DD31F5DC}.Release|Any CPU.ActiveCfg = Release|Any CPU
		{C9BA9898-18A5-4C47-8932-0403DD31F5DC}.Release|Any CPU.Build.0 = Release|Any CPU
	EndGlobalSection
	GlobalSection(SolutionProperties) = preSolution
		HideSolutionNode = FALSE
	EndGlobalSection
	GlobalSection(ExtensibilityGlobals) = postSolution
		SolutionGuid = {A1C58C6F-D626-4903-A4E8-47EADA6C3304}
	EndGlobalSection
EndGlobal
